{
    "babdev/pagerfanta-bundle": {
        "version": "v2.11.0"
    },
    "doctrine/annotations": {
        "version": "1.14",
        "recipe": {
            "repo": "github.com/symfony/recipes",
            "branch": "main",
            "version": "1.0",
            "ref": "a2759dd6123694c8d901d0ec80006e044c2e6457"
        },
        "files": [
            "config/routes/annotations.yaml"
        ]
    },
    "doctrine/doctrine-bundle": {
        "version": "2.8",
        "recipe": {
            "repo": "github.com/symfony/recipes",
            "branch": "main",
            "version": "2.4",
            "ref": "5b7882dd9d05ef9b7e71fceed66af1ea573a70d4"
        },
        "files": [
            "config/packages/doctrine.yaml",
            "src/Entity/.gitignore",
            "src/Repository/.gitignore"
        ]
    },
    "doctrine/doctrine-fixtures-bundle": {
        "version": "3.4",
        "recipe": {
            "repo": "github.com/symfony/recipes",
            "branch": "main",
            "version": "3.0",
            "ref": "1f5514cfa15b947298df4d771e694e578d4c204d"
        },
        "files": [
            "src/DataFixtures/AppFixtures.php"
        ]
    },
    "doctrine/doctrine-migrations-bundle": {
        "version": "3.2",
        "recipe": {
            "repo": "github.com/symfony/recipes",
            "branch": "main",
            "version": "3.1",
            "ref": "1d01ec03c6ecbd67c3375c5478c9a423ae5d6a33"
        },
        "files": [
            "config/packages/doctrine_migrations.yaml",
            "migrations/.gitignore"
        ]
    },
    "friendsofsymfony/http-cache-bundle": {
        "version": "2.14.0"
    },
    "knplabs/knp-gaufrette-bundle": {
        "version": "v0.8.0"
    },
    "knplabs/knp-menu-bundle": {
        "version": "v3.2.0"
    },
    "kunstmaan/admin-bundle": {
        "version": "6.2",
        "recipe": {
            "repo": "github.com/symfony/recipes-contrib",
            "branch": "main",
            "version": "6.0",
            "ref": "3769442250b85c858ca5f8e21aa1b93fd6033ae1"
        },
        "files": [
            "config/packages/kunstmaan_admin.yaml",
            "config/routes/kunstmaan_admin.yaml"
        ]
    },
    "kunstmaan/adminlist-bundle": {
        "version": "6.2",
        "recipe": {
            "repo": "github.com/symfony/recipes-contrib",
            "branch": "main",
            "version": "5.2",
            "ref": "7614cf923bbdd5a30bd2092ac7b2d47ecb6f6a52"
        },
        "files": [
            "config/routes/kunstmaan_adminlist.yaml"
        ]
    },
    "kunstmaan/article-bundle": {
        "version": "6.2.3"
    },
    "kunstmaan/config-bundle": {
        "version": "6.2",
        "recipe": {
            "repo": "github.com/symfony/recipes-contrib",
            "branch": "main",
            "version": "5.2",
            "ref": "363631d5188512f7df1028aba166f4d5038790c0"
        },
        "files": [
            "config/packages/kunstmaan_config.yaml",
            "config/routes/kunstmaan_config.yaml"
        ]
    },
    "kunstmaan/dashboard-bundle": {
        "version": "6.2",
        "recipe": {
            "repo": "github.com/symfony/recipes-contrib",
            "branch": "main",
            "version": "5.2",
            "ref": "a0512649a7b21b9a01639b0edfe2a2a3a1846d6c"
        },
        "files": [
            "config/packages/kunstmaan_dashboard.yaml",
            "config/routes/kunstmaan_dashboard.yaml"
        ]
    },
    "kunstmaan/fixtures-bundle": {
        "version": "6.2.3"
    },
    "kunstmaan/form-bundle": {
        "version": "6.2",
        "recipe": {
            "repo": "github.com/symfony/recipes-contrib",
            "branch": "main",
            "version": "5.2",
            "ref": "83a7fdab06983ea08c4c9e69db2ae12f33000525"
        },
        "files": [
            "config/routes/kunstmaan_form.yaml"
        ]
    },
    "kunstmaan/generator-bundle": {
        "version": "6.2.3"
    },
    "kunstmaan/media-bundle": {
        "version": "6.2",
        "recipe": {
            "repo": "github.com/symfony/recipes-contrib",
            "branch": "main",
            "version": "5.2",
            "ref": "ee895d7c1b22fcd623e0ce020295838c27bfa5b4"
        },
        "files": [
            "config/routes/kunstmaan_media.yaml",
            "public/uploads/.gitignore"
        ]
    },
    "kunstmaan/media-pagepart-bundle": {
        "version": "6.2.3"
    },
    "kunstmaan/menu-bundle": {
        "version": "6.2",
        "recipe": {
            "repo": "github.com/symfony/recipes-contrib",
            "branch": "main",
            "version": "5.2",
            "ref": "a5427a3cbecbe3fa89656ba2b84d00e8e902ea81"
        },
        "files": [
            "config/packages/kunstmaan_menu.yaml",
            "config/routes/kunstmaan_menu.yaml"
        ]
    },
    "kunstmaan/node-bundle": {
        "version": "6.2",
        "recipe": {
            "repo": "github.com/symfony/recipes-contrib",
            "branch": "main",
            "version": "5.5",
            "ref": "d8f05c24426d6314c7aedc34362bf1447a51223c"
        },
        "files": [
            "config/packages/kunstmaan_node.yaml",
            "config/routes/kunstmaan_node.yaml"
        ]
    },
    "kunstmaan/node-search-bundle": {
        "version": "6.2.3"
    },
    "kunstmaan/pagepart-bundle": {
        "version": "6.2",
        "recipe": {
            "repo": "github.com/symfony/recipes-contrib",
            "branch": "main",
            "version": "5.2",
            "ref": "d4e16ada4cfba27365aea43711e01dc7fe103d30"
        },
        "files": [
            "config/packages/kunstmaan_pagepart.yaml",
            "config/routes/kunstmaan_pagepart.yaml"
        ]
    },
    "kunstmaan/redirect-bundle": {
        "version": "6.2",
        "recipe": {
            "repo": "github.com/symfony/recipes-contrib",
            "branch": "main",
            "version": "5.2",
            "ref": "50672a9edd40f693a47557afca641de2d405e350"
        },
        "files": [
            "config/routes/kunstmaan_redirect.yaml"
        ]
    },
    "kunstmaan/search-bundle": {
        "version": "6.2",
        "recipe": {
            "repo": "github.com/symfony/recipes-contrib",
            "branch": "main",
            "version": "5.6",
            "ref": "ecdee37c6bfdd3872e1d6ede6a37e88c4546a94a"
        },
        "files": [
            "config/packages/kunstmaan_search.yaml"
        ]
    },
    "kunstmaan/sensio-generator-bundle": {
        "version": "3.7.0"
    },
    "kunstmaan/seo-bundle": {
        "version": "6.2",
        "recipe": {
            "repo": "github.com/symfony/recipes-contrib",
            "branch": "main",
            "version": "5.2",
            "ref": "76b5d6d013b3bd87a6d19ecc72282c282c065446"
        },
        "files": [
            "config/routes/kunstmaan_seo.yaml"
        ]
    },
    "kunstmaan/sitemap-bundle": {
        "version": "6.2",
        "recipe": {
            "repo": "github.com/symfony/recipes-contrib",
            "branch": "main",
            "version": "5.2",
            "ref": "57990ee1c678fbf14769d7963364353c473f13e2"
        },
        "files": [
            "config/routes/kunstmaan_sitemap.yaml"
        ]
    },
    "kunstmaan/translator-bundle": {
        "version": "6.2",
        "recipe": {
            "repo": "github.com/symfony/recipes-contrib",
            "branch": "main",
            "version": "5.2",
            "ref": "91568addc2273da9b3675848b3e1b62e4cf64af8"
        },
        "files": [
            "config/packages/kunstmaan_translator.yaml",
            "config/routes/kunstmaan_translator.yaml"
        ]
    },
    "kunstmaan/user-management-bundle": {
        "version": "6.2",
        "recipe": {
            "repo": "github.com/symfony/recipes-contrib",
            "branch": "main",
            "version": "5.2",
            "ref": "a848e62394fe7e85626f11caa198d018f791b0dd"
        },
        "files": [
            "config/routes/kunstmaan_user_management.yaml"
        ]
    },
    "kunstmaan/utilities-bundle": {
        "version": "6.2.3"
    },
    "liip/imagine-bundle": {
        "version": "2.10",
        "recipe": {
            "repo": "github.com/symfony/recipes-contrib",
            "branch": "main",
            "version": "1.8",
            "ref": "d1227d002b70d1a1f941d91845fcd7ac7fbfc929"
        },
        "files": [
            "config/packages/liip_imagine.yaml",
            "config/routes/liip_imagine.yaml"
        ]
    },
    "nyholm/psr7": {
        "version": "1.5",
        "recipe": {
            "repo": "github.com/symfony/recipes",
            "branch": "main",
            "version": "1.0",
            "ref": "0cd4d2d0e7f646fda75f9944f747a56e6ed13d4c"
        },
        "files": [
            "config/packages/nyholm_psr7.yaml"
        ]
    },
    "phpunit/phpunit": {
        "version": "9.5",
        "recipe": {
            "repo": "github.com/symfony/recipes",
            "branch": "main",
            "version": "9.3",
            "ref": "a6249a6c4392e9169b87abf93225f7f9f59025e6"
        },
        "files": [
            ".env.test",
            "phpunit.xml.dist",
            "tests/bootstrap.php"
        ]
    },
    "sensio/framework-extra-bundle": {
        "version": "6.2",
        "recipe": {
            "repo": "github.com/symfony/recipes",
            "branch": "main",
            "version": "5.2",
            "ref": "fb7e19da7f013d0d422fa9bce16f5c510e27609b"
        },
        "files": [
            "config/packages/sensio_framework_extra.yaml"
        ]
    },
    "sentry/sentry-symfony": {
        "version": "4.5",
        "recipe": {
            "repo": "github.com/symfony/recipes-contrib",
            "branch": "main",
            "version": "4.0",
            "ref": "9ac202e84b6fb3c276cb3d7846006e0df65272d0"
        },
        "files": [
            "config/packages/sentry.yaml"
        ]
    },
    "stof/doctrine-extensions-bundle": {
        "version": "1.7",
        "recipe": {
            "repo": "github.com/symfony/recipes-contrib",
            "branch": "main",
            "version": "1.2",
            "ref": "e805aba9eff5372e2d149a9ff56566769e22819d"
        },
        "files": [
            "config/packages/stof_doctrine_extensions.yaml"
        ]
    },
    "symfony-cmf/routing-bundle": {
        "version": "2.5.1"
    },
    "symfony/acl-bundle": {
        "version": "v2.3.0"
    },
    "symfony/apache-pack": {
        "version": "1.0",
        "recipe": {
            "repo": "github.com/symfony/recipes-contrib",
            "branch": "main",
            "version": "1.0",
            "ref": "efb318193e48384eb5c5aadff15396ed698f8ffc"
        },
        "files": [
            "public/.htaccess"
        ]
    },
    "symfony/console": {
        "version": "5.4",
        "recipe": {
            "repo": "github.com/symfony/recipes",
            "branch": "main",
            "version": "5.3",
            "ref": "da0c8be8157600ad34f10ff0c9cc91232522e047"
        },
        "files": [
            "bin/console"
        ]
    },
    "symfony/debug-bundle": {
        "version": "5.4",
        "recipe": {
            "repo": "github.com/symfony/recipes",
            "branch": "main",
            "version": "5.3",
            "ref": "5aa8aa48234c8eb6dbdd7b3cd5d791485d2cec4b"
        },
        "files": [
            "config/packages/debug.yaml"
        ]
    },
    "symfony/flex": {
        "version": "2.2",
        "recipe": {
            "repo": "github.com/symfony/recipes",
            "branch": "main",
            "version": "1.0",
            "ref": "146251ae39e06a95be0fe3d13c807bcf3938b172"
        },
        "files": [
            ".env"
        ]
    },
    "symfony/framework-bundle": {
        "version": "5.4",
        "recipe": {
            "repo": "github.com/symfony/recipes",
            "branch": "main",
            "version": "5.4",
            "ref": "3cd216a4d007b78d8554d44a5b1c0a446dab24fb"
        },
        "files": [
            "config/packages/cache.yaml",
            "config/packages/framework.yaml",
            "config/preload.php",
            "config/routes/framework.yaml",
            "config/services.yaml",
            "public/index.php",
            "src/Controller/.gitignore",
            "src/Kernel.php"
        ]
    },
    "symfony/maker-bundle": {
        "version": "1.48",
        "recipe": {
            "repo": "github.com/symfony/recipes",
            "branch": "main",
            "version": "1.0",
            "ref": "fadbfe33303a76e25cb63401050439aa9b1a9c7f"
        }
    },
    "symfony/monolog-bundle": {
        "version": "3.8",
        "recipe": {
            "repo": "github.com/symfony/recipes",
            "branch": "main",
            "version": "3.7",
            "ref": "213676c4ec929f046dfde5ea8e97625b81bc0578"
        },
        "files": [
            "config/packages/monolog.yaml"
        ]
    },
    "symfony/phpunit-bridge": {
        "version": "6.2",
        "recipe": {
            "repo": "github.com/symfony/recipes",
            "branch": "main",
            "version": "5.3",
            "ref": "819d3d2ffa4590eba0b8f4f3e5e89415ee4e45c3"
        },
        "files": [
            ".env.test",
            "bin/phpunit",
            "phpunit.xml.dist",
            "tests/bootstrap.php"
        ]
    },
    "symfony/routing": {
        "version": "5.4",
        "recipe": {
            "repo": "github.com/symfony/recipes",
            "branch": "main",
            "version": "5.3",
            "ref": "85de1d8ae45b284c3c84b668171d2615049e698f"
        },
        "files": [
            "config/packages/routing.yaml",
            "config/routes.yaml"
        ]
    },
    "symfony/security-bundle": {
        "version": "5.4",
        "recipe": {
            "repo": "github.com/symfony/recipes",
            "branch": "main",
            "version": "5.3",
            "ref": "98f1f2b0d635908c2b40f3675da2d23b1a069d30"
        },
        "files": [
            "config/packages/security.yaml"
        ]
    },
    "symfony/swiftmailer-bundle": {
        "version": "3.5",
        "recipe": {
            "repo": "github.com/symfony/recipes",
            "branch": "main",
            "version": "2.5",
            "ref": "f0b2fccdca2dfd97dc2fd5ad216d5e27c4f895ac"
        },
        "files": [
            "config/packages/dev/swiftmailer.yaml",
            "config/packages/swiftmailer.yaml",
            "config/packages/test/swiftmailer.yaml"
        ]
    },
    "symfony/translation": {
        "version": "5.4",
        "recipe": {
            "repo": "github.com/symfony/recipes",
            "branch": "main",
            "version": "5.3",
            "ref": "da64f5a2b6d96f5dc24914517c0350a5f91dee43"
        },
        "files": [
            "config/packages/translation.yaml",
            "translations/.gitignore"
        ]
    },
    "symfony/twig-bundle": {
        "version": "5.4",
        "recipe": {
            "repo": "github.com/symfony/recipes",
            "branch": "main",
            "version": "5.4",
            "ref": "bb2178c57eee79e6be0b297aa96fc0c0def81387"
        },
        "files": [
            "config/packages/twig.yaml",
            "templates/base.html.twig"
        ]
    },
    "symfony/validator": {
        "version": "5.4",
        "recipe": {
            "repo": "github.com/symfony/recipes",
            "branch": "main",
            "version": "5.3",
            "ref": "c32cfd98f714894c4f128bb99aa2530c1227603c"
        },
        "files": [
            "config/packages/validator.yaml"
        ]
    },
    "symfony/web-profiler-bundle": {
        "version": "5.4",
        "recipe": {
            "repo": "github.com/symfony/recipes",
            "branch": "main",
            "version": "5.3",
            "ref": "24bbc3d84ef2f427f82104f766014e799eefcc3e"
        },
        "files": [
            "config/packages/web_profiler.yaml",
            "config/routes/web_profiler.yaml"
        ]
    },
    "symfony/webpack-encore-bundle": {
        "version": "1.16",
        "recipe": {
            "repo": "github.com/symfony/recipes",
            "branch": "main",
            "version": "1.10",
            "ref": "f8fc53f1942f76679e9ee3c25fd44865355707b5"
        },
        "files": [
            "assets/app.js",
            "assets/bootstrap.js",
            "assets/controllers.json",
            "assets/controllers/hello_controller.js",
            "assets/styles/app.css",
            "config/packages/webpack_encore.yaml",
            "package.json",
            "webpack.config.js"
        ]
    },
    "twig/extensions": {
        "version": "1.5",
        "recipe": {
            "repo": "github.com/symfony/recipes",
            "branch": "main",
            "version": "1.0",
            "ref": "a86723ee8d8b2f9437c8ce60a5546a1c267da5ed"
        },
        "files": [
            "config/packages/twig_extensions.yaml"
        ]
    }
}
